
Microsoft Visual Studio Solution File, Format Version 12.00
# Visual Studio 15
VisualStudioVersion = 15.0.28307.572
MinimumVisualStudioVersion = 10.0.40219.1
Project("{FAE04EC0-301F-11D3-BF4B-00C04F79EFBC}") = "WindowsFormsApp9", "WindowsFormsApp9\WindowsFormsApp9.csproj", "{16651D98-2E07-4EB1-B926-7A9890540412}"
EndProject
Global
	GlobalSection(SolutionConfigurationPlatforms) = preSolution
		Debug|Any CPU = Debug|Any CPU
		Release|Any CPU = Release|Any CPU
	EndGlobalSection
	GlobalSection(ProjectConfigurationPlatforms) = postSolution
		{16651D98-2E07-4EB1-B926-7A9890540412}.Debug|Any CPU.ActiveCfg = Debug|Any CPU
		{16651D98-2E07-4EB1-B926-7A9890540412}.Debug|Any CPU.Build.0 = Debug|Any CPU
		{16651D98-2E07-4EB1-B926-7A9890540412}.Release|Any CPU.ActiveCfg = Release|Any CPU
		{16651D98-2E07-4EB1-B926-7A9890540412}.Release|Any CPU.Build.0 = Release|Any CPU
	EndGlobalSection
	GlobalSection(SolutionProperties) = preSolution
		HideSolutionNode = FALSE
	EndGlobalSection
	GlobalSection(ExtensibilityGlobals) = postSolution
		SolutionGuid = {DAC26625-5AF7-4754-9EFC-B406A710DBE1}
	EndGlobalSection
EndGlobal
